
Microsoft Visual Studio Solution File, Format Version 12.00
# Visual Studio Version 17
VisualStudioVersion = 17.9.34728.123
MinimumVisualStudioVersion = 10.0.40219.1
Project("{FAE04EC0-301F-11D3-BF4B-00C04F79EFBC}") = "MVCMiniProject", "MVCMiniProject\MVCMiniProject.csproj", "{CC02734A-656A-4F3C-B79C-098C80853E09}"
EndProject
Project("{FAE04EC0-301F-11D3-BF4B-00C04F79EFBC}") = "DataAccessLayer", "DataAccessLayer\DataAccessLayer.csproj", "{8C9DE21C-DC7F-4678-AFF4-E83C5E932839}"
EndProject
Project("{FAE04EC0-301F-11D3-BF4B-00C04F79EFBC}") = "BusinessLogicLayer", "BusinessLogicLayer\BusinessLogicLayer.csproj", "{D03D403D-80B2-46D7-925C-1826BE4F3BB3}"
EndProject
Project("{FAE04EC0-301F-11D3-BF4B-00C04F79EFBC}") = "CoreLayer", "CoreLayer\CoreLayer.csproj", "{9EBBD44D-5602-468E-B765-FCDB4137E393}"
EndProject
Global
	GlobalSection(SolutionConfigurationPlatforms) = preSolution
		Debug|Any CPU = Debug|Any CPU
		Release|Any CPU = Release|Any CPU
	EndGlobalSection
	GlobalSection(ProjectConfigurationPlatforms) = postSolution
		{CC02734A-656A-4F3C-B79C-098C80853E09}.Debug|Any CPU.ActiveCfg = Debug|Any CPU
		{CC02734A-656A-4F3C-B79C-098C80853E09}.Debug|Any CPU.Build.0 = Debug|Any CPU
		{CC02734A-656A-4F3C-B79C-098C80853E09}.Release|Any CPU.ActiveCfg = Release|Any CPU
		{CC02734A-656A-4F3C-B79C-098C80853E09}.Release|Any CPU.Build.0 = Release|Any CPU
		{8C9DE21C-DC7F-4678-AFF4-E83C5E932839}.Debug|Any CPU.ActiveCfg = Debug|Any CPU
		{8C9DE21C-DC7F-4678-AFF4-E83C5E932839}.Debug|Any CPU.Build.0 = Debug|Any CPU
		{8C9DE21C-DC7F-4678-AFF4-E83C5E932839}.Release|Any CPU.ActiveCfg = Release|Any CPU
		{8C9DE21C-DC7F-4678-AFF4-E83C5E932839}.Release|Any CPU.Build.0 = Release|Any CPU
		{D03D403D-80B2-46D7-925C-1826BE4F3BB3}.Debug|Any CPU.ActiveCfg = Debug|Any CPU
		{D03D403D-80B2-46D7-925C-1826BE4F3BB3}.Debug|Any CPU.Build.0 = Debug|Any CPU
		{D03D403D-80B2-46D7-925C-1826BE4F3BB3}.Release|Any CPU.ActiveCfg = Release|Any CPU
		{D03D403D-80B2-46D7-925C-1826BE4F3BB3}.Release|Any CPU.Build.0 = Release|Any CPU
		{9EBBD44D-5602-468E-B765-FCDB4137E393}.Debug|Any CPU.ActiveCfg = Debug|Any CPU
		{9EBBD44D-5602-468E-B765-FCDB4137E393}.Debug|Any CPU.Build.0 = Debug|Any CPU
		{9EBBD44D-5602-468E-B765-FCDB4137E393}.Release|Any CPU.ActiveCfg = Release|Any CPU
		{9EBBD44D-5602-468E-B765-FCDB4137E393}.Release|Any CPU.Build.0 = Release|Any CPU
	EndGlobalSection
	GlobalSection(SolutionProperties) = preSolution
		HideSolutionNode = FALSE
	EndGlobalSection
	GlobalSection(ExtensibilityGlobals) = postSolution
		SolutionGuid = {DDDC444E-4981-41A6-ABAC-327F87234563}
	EndGlobalSection
EndGlobal
